
Microsoft Visual Studio Solution File, Format Version 12.00
# Visual Studio Version 17
VisualStudioVersion = 17.1.32414.318
MinimumVisualStudioVersion = 10.0.40219.1
Project("{FAE04EC0-301F-11D3-BF4B-00C04F79EFBC}") = "ScentApi2", "ScentApi2\ScentApi2.csproj", "{2C1F7205-4B8F-4A57-9123-57A14BC19D59}"
EndProject
Global
	GlobalSection(SolutionConfigurationPlatforms) = preSolution
		Debug|Any CPU = Debug|Any CPU
		Release|Any CPU = Release|Any CPU
	EndGlobalSection
	GlobalSection(ProjectConfigurationPlatforms) = postSolution
		{2C1F7205-4B8F-4A57-9123-57A14BC19D59}.Debug|Any CPU.ActiveCfg = Debug|Any CPU
		{2C1F7205-4B8F-4A57-9123-57A14BC19D59}.Debug|Any CPU.Build.0 = Debug|Any CPU
		{2C1F7205-4B8F-4A57-9123-57A14BC19D59}.Release|Any CPU.ActiveCfg = Release|Any CPU
		{2C1F7205-4B8F-4A57-9123-57A14BC19D59}.Release|Any CPU.Build.0 = Release|Any CPU
	EndGlobalSection
	GlobalSection(SolutionProperties) = preSolution
		HideSolutionNode = FALSE
	EndGlobalSection
	GlobalSection(ExtensibilityGlobals) = postSolution
		SolutionGuid = {BA62FDF4-44B7-4B97-B4FA-B16B003F836C}
	EndGlobalSection
EndGlobal
